
Microsoft Visual Studio Solution File, Format Version 12.00
# Visual Studio Version 17
VisualStudioVersion = 17.13.35919.96 d17.13
MinimumVisualStudioVersion = 10.0.40219.1
Project("{FAE04EC0-301F-11D3-BF4B-00C04F79EFBC}") = "UnitTesting", "UnitTesting\UnitTesting.csproj", "{1CA4D41F-D062-4C84-8A27-9634FA10C4E2}"
EndProject
Project("{FAE04EC0-301F-11D3-BF4B-00C04F79EFBC}") = "MsTestLibrary", "TestProject1\MsTestLibrary.csproj", "{47766CEF-B712-4B50-B99D-4ED0551246CD}"
	ProjectSection(ProjectDependencies) = postProject
		{1CA4D41F-D062-4C84-8A27-9634FA10C4E2} = {1CA4D41F-D062-4C84-8A27-9634FA10C4E2}
	EndProjectSection
EndProject
Global
	GlobalSection(SolutionConfigurationPlatforms) = preSolution
		Debug|Any CPU = Debug|Any CPU
		Release|Any CPU = Release|Any CPU
	EndGlobalSection
	GlobalSection(ProjectConfigurationPlatforms) = postSolution
		{1CA4D41F-D062-4C84-8A27-9634FA10C4E2}.Debug|Any CPU.ActiveCfg = Debug|Any CPU
		{1CA4D41F-D062-4C84-8A27-9634FA10C4E2}.Debug|Any CPU.Build.0 = Debug|Any CPU
		{1CA4D41F-D062-4C84-8A27-9634FA10C4E2}.Release|Any CPU.ActiveCfg = Release|Any CPU
		{1CA4D41F-D062-4C84-8A27-9634FA10C4E2}.Release|Any CPU.Build.0 = Release|Any CPU
		{47766CEF-B712-4B50-B99D-4ED0551246CD}.Debug|Any CPU.ActiveCfg = Debug|Any CPU
		{47766CEF-B712-4B50-B99D-4ED0551246CD}.Debug|Any CPU.Build.0 = Debug|Any CPU
		{47766CEF-B712-4B50-B99D-4ED0551246CD}.Release|Any CPU.ActiveCfg = Release|Any CPU
		{47766CEF-B712-4B50-B99D-4ED0551246CD}.Release|Any CPU.Build.0 = Release|Any CPU
	EndGlobalSection
	GlobalSection(SolutionProperties) = preSolution
		HideSolutionNode = FALSE
	EndGlobalSection
	GlobalSection(ExtensibilityGlobals) = postSolution
		SolutionGuid = {ED3460C6-71D8-4939-8E99-A0F21508314A}
	EndGlobalSection
EndGlobal
